
Microsoft Visual Studio Solution File, Format Version 12.00
# Visual Studio Version 16
VisualStudioVersion = 16.0.32106.194
MinimumVisualStudioVersion = 10.0.40219.1
Project("{FAE04EC0-301F-11D3-BF4B-00C04F79EFBC}") = "LanguageFeatures", "LanguageFeatures\LanguageFeatures.csproj", "{60A187AA-D30F-4C63-9BEF-10620DEF50EA}"
EndProject
Global
	GlobalSection(SolutionConfigurationPlatforms) = preSolution
		Debug|Any CPU = Debug|Any CPU
		Release|Any CPU = Release|Any CPU
	EndGlobalSection
	GlobalSection(ProjectConfigurationPlatforms) = postSolution
		{60A187AA-D30F-4C63-9BEF-10620DEF50EA}.Debug|Any CPU.ActiveCfg = Debug|Any CPU
		{60A187AA-D30F-4C63-9BEF-10620DEF50EA}.Debug|Any CPU.Build.0 = Debug|Any CPU
		{60A187AA-D30F-4C63-9BEF-10620DEF50EA}.Release|Any CPU.ActiveCfg = Release|Any CPU
		{60A187AA-D30F-4C63-9BEF-10620DEF50EA}.Release|Any CPU.Build.0 = Release|Any CPU
	EndGlobalSection
	GlobalSection(SolutionProperties) = preSolution
		HideSolutionNode = FALSE
	EndGlobalSection
	GlobalSection(ExtensibilityGlobals) = postSolution
		SolutionGuid = {00710ACC-4212-495C-82FC-5F56C4A6E9BB}
	EndGlobalSection
EndGlobal
